
Microsoft Visual Studio Solution File, Format Version 12.00
# Visual Studio Version 17
VisualStudioVersion = 17.14.36717.8 d17.14
MinimumVisualStudioVersion = 10.0.40219.1
Project("{FAE04EC0-301F-11D3-BF4B-00C04F79EFBC}") = "RekenTrainer", "RekenTrainer\RekenTrainer.csproj", "{2B2CE3CF-B9BA-45AA-9C67-EEAD0BB21A90}"
EndProject
Global
	GlobalSection(SolutionConfigurationPlatforms) = preSolution
		Debug|Any CPU = Debug|Any CPU
		Release|Any CPU = Release|Any CPU
	EndGlobalSection
	GlobalSection(ProjectConfigurationPlatforms) = postSolution
		{2B2CE3CF-B9BA-45AA-9C67-EEAD0BB21A90}.Debug|Any CPU.ActiveCfg = Debug|Any CPU
		{2B2CE3CF-B9BA-45AA-9C67-EEAD0BB21A90}.Debug|Any CPU.Build.0 = Debug|Any CPU
		{2B2CE3CF-B9BA-45AA-9C67-EEAD0BB21A90}.Release|Any CPU.ActiveCfg = Release|Any CPU
		{2B2CE3CF-B9BA-45AA-9C67-EEAD0BB21A90}.Release|Any CPU.Build.0 = Release|Any CPU
	EndGlobalSection
	GlobalSection(SolutionProperties) = preSolution
		HideSolutionNode = FALSE
	EndGlobalSection
	GlobalSection(ExtensibilityGlobals) = postSolution
		SolutionGuid = {BD0E56C3-83A1-4B73-8F3E-AD408A1208AD}
	EndGlobalSection
EndGlobal
